
Microsoft Visual Studio Solution File, Format Version 12.00
# Visual Studio 16
Project("{8BC9CEB8-8B4A-11D0-8D11-00A0C91BC942}") = "ALL_BUILD", "ALL_BUILD.vcxproj", "{FD723A70-D88B-3475-9301-724C48FC0134}"
	ProjectSection(ProjectDependencies) = postProject
		{F207272D-20ED-33C5-A34C-6AE616980117} = {F207272D-20ED-33C5-A34C-6AE616980117}
		{418068C8-DE35-373F-9989-37CB3653E905} = {418068C8-DE35-373F-9989-37CB3653E905}
	EndProjectSection
EndProject
Project("{8BC9CEB8-8B4A-11D0-8D11-00A0C91BC942}") = "ZERO_CHECK", "ZERO_CHECK.vcxproj", "{F207272D-20ED-33C5-A34C-6AE616980117}"
	ProjectSection(ProjectDependencies) = postProject
	EndProjectSection
EndProject
Project("{8BC9CEB8-8B4A-11D0-8D11-00A0C91BC942}") = "pcl_java", "pcl_java.vcxproj", "{418068C8-DE35-373F-9989-37CB3653E905}"
	ProjectSection(ProjectDependencies) = postProject
		{F207272D-20ED-33C5-A34C-6AE616980117} = {F207272D-20ED-33C5-A34C-6AE616980117}
	EndProjectSection
EndProject
Global
	GlobalSection(SolutionConfigurationPlatforms) = preSolution
		Debug|x64 = Debug|x64
		Release|x64 = Release|x64
		MinSizeRel|x64 = MinSizeRel|x64
		RelWithDebInfo|x64 = RelWithDebInfo|x64
	EndGlobalSection
	GlobalSection(ProjectConfigurationPlatforms) = postSolution
		{FD723A70-D88B-3475-9301-724C48FC0134}.Debug|x64.ActiveCfg = Debug|x64
		{FD723A70-D88B-3475-9301-724C48FC0134}.Release|x64.ActiveCfg = Release|x64
		{FD723A70-D88B-3475-9301-724C48FC0134}.MinSizeRel|x64.ActiveCfg = MinSizeRel|x64
		{FD723A70-D88B-3475-9301-724C48FC0134}.RelWithDebInfo|x64.ActiveCfg = RelWithDebInfo|x64
		{F207272D-20ED-33C5-A34C-6AE616980117}.Debug|x64.ActiveCfg = Debug|x64
		{F207272D-20ED-33C5-A34C-6AE616980117}.Debug|x64.Build.0 = Debug|x64
		{F207272D-20ED-33C5-A34C-6AE616980117}.Release|x64.ActiveCfg = Release|x64
		{F207272D-20ED-33C5-A34C-6AE616980117}.Release|x64.Build.0 = Release|x64
		{F207272D-20ED-33C5-A34C-6AE616980117}.MinSizeRel|x64.ActiveCfg = MinSizeRel|x64
		{F207272D-20ED-33C5-A34C-6AE616980117}.MinSizeRel|x64.Build.0 = MinSizeRel|x64
		{F207272D-20ED-33C5-A34C-6AE616980117}.RelWithDebInfo|x64.ActiveCfg = RelWithDebInfo|x64
		{F207272D-20ED-33C5-A34C-6AE616980117}.RelWithDebInfo|x64.Build.0 = RelWithDebInfo|x64
		{418068C8-DE35-373F-9989-37CB3653E905}.Debug|x64.ActiveCfg = Debug|x64
		{418068C8-DE35-373F-9989-37CB3653E905}.Debug|x64.Build.0 = Debug|x64
		{418068C8-DE35-373F-9989-37CB3653E905}.Release|x64.ActiveCfg = Release|x64
		{418068C8-DE35-373F-9989-37CB3653E905}.Release|x64.Build.0 = Release|x64
		{418068C8-DE35-373F-9989-37CB3653E905}.MinSizeRel|x64.ActiveCfg = MinSizeRel|x64
		{418068C8-DE35-373F-9989-37CB3653E905}.MinSizeRel|x64.Build.0 = MinSizeRel|x64
		{418068C8-DE35-373F-9989-37CB3653E905}.RelWithDebInfo|x64.ActiveCfg = RelWithDebInfo|x64
		{418068C8-DE35-373F-9989-37CB3653E905}.RelWithDebInfo|x64.Build.0 = RelWithDebInfo|x64
	EndGlobalSection
	GlobalSection(ExtensibilityGlobals) = postSolution
		SolutionGuid = {F0CEA501-3FDC-3863-A760-73BDC4460556}
	EndGlobalSection
	GlobalSection(ExtensibilityAddIns) = postSolution
	EndGlobalSection
EndGlobal
