<?xml version="1.0" encoding="utf-8"?>
<Project ToolsVersion="16.0" xmlns="http://schemas.microsoft.com/developer/msbuild/2003">
  <ItemGroup>
    <ClCompile Include="C:\Users\vladm\source\repos\Projects\pcl-java\native\src\main\c\com_movlad_pcl_Normal.cpp">
      <Filter>Source Files</Filter>
    </ClCompile>
    <ClCompile Include="C:\Users\vladm\source\repos\Projects\pcl-java\native\src\main\c\com_movlad_pcl_NormalCloud.cpp">
      <Filter>Source Files</Filter>
    </ClCompile>
    <ClCompile Include="C:\Users\vladm\source\repos\Projects\pcl-java\native\src\main\c\com_movlad_pcl_NormalEstimation.cpp">
      <Filter>Source Files</Filter>
    </ClCompile>
    <ClCompile Include="C:\Users\vladm\source\repos\Projects\pcl-java\native\src\main\c\com_movlad_pcl_Point2d.cpp">
      <Filter>Source Files</Filter>
    </ClCompile>
    <ClCompile Include="C:\Users\vladm\source\repos\Projects\pcl-java\native\src\main\c\com_movlad_pcl_Point3d.cpp">
      <Filter>Source Files</Filter>
    </ClCompile>
    <ClCompile Include="C:\Users\vladm\source\repos\Projects\pcl-java\native\src\main\c\com_movlad_pcl_PointCloud3d.cpp">
      <Filter>Source Files</Filter>
    </ClCompile>
    <ClCompile Include="C:\Users\vladm\source\repos\Projects\pcl-java\native\src\main\c\com_movlad_pcl_RandomSampleConsensus.cpp">
      <Filter>Source Files</Filter>
    </ClCompile>
    <ClCompile Include="C:\Users\vladm\source\repos\Projects\pcl-java\native\src\main\c\com_movlad_pcl_SampleConsensus.cpp">
      <Filter>Source Files</Filter>
    </ClCompile>
    <ClCompile Include="C:\Users\vladm\source\repos\Projects\pcl-java\native\src\main\c\com_movlad_pcl_SampleConsensusModel.cpp">
      <Filter>Source Files</Filter>
    </ClCompile>
    <ClCompile Include="C:\Users\vladm\source\repos\Projects\pcl-java\native\src\main\c\com_movlad_pcl_SampleConsensusModelCone.cpp">
      <Filter>Source Files</Filter>
    </ClCompile>
    <ClCompile Include="C:\Users\vladm\source\repos\Projects\pcl-java\native\src\main\c\com_movlad_pcl_SampleConsensusModelCylinder.cpp">
      <Filter>Source Files</Filter>
    </ClCompile>
    <ClCompile Include="C:\Users\vladm\source\repos\Projects\pcl-java\native\src\main\c\com_movlad_pcl_SampleConsensusModelLine.cpp">
      <Filter>Source Files</Filter>
    </ClCompile>
    <ClCompile Include="C:\Users\vladm\source\repos\Projects\pcl-java\native\src\main\c\com_movlad_pcl_SampleConsensusModelPlane.cpp">
      <Filter>Source Files</Filter>
    </ClCompile>
    <ClCompile Include="C:\Users\vladm\source\repos\Projects\pcl-java\native\src\main\c\com_movlad_pcl_SampleConsensusModelSphere.cpp">
      <Filter>Source Files</Filter>
    </ClCompile>
    <ClCompile Include="C:\Users\vladm\source\repos\Projects\pcl-java\native\src\main\c\com_movlad_pcl_SampleConsensusModelStick.cpp">
      <Filter>Source Files</Filter>
    </ClCompile>
    <ClCompile Include="C:\Users\vladm\source\repos\Projects\pcl-java\native\src\main\c\com_movlad_pcl_io_PointCloud3dReader.cpp">
      <Filter>Source Files</Filter>
    </ClCompile>
    <ClCompile Include="C:\Users\vladm\source\repos\Projects\pcl-java\native\src\main\c\com_movlad_pcl_io_PointCloud3dWriter.cpp">
      <Filter>Source Files</Filter>
    </ClCompile>
    <ClCompile Include="C:\Users\vladm\source\repos\Projects\pcl-java\native\src\main\c\com_movlad_pcl_visualization_Visualizer.cpp">
      <Filter>Source Files</Filter>
    </ClCompile>
    <ClCompile Include="C:\Users\vladm\source\repos\Projects\pcl-java\native\src\main\c\com_movlad_pcl_visualization_Visualizer3d.cpp">
      <Filter>Source Files</Filter>
    </ClCompile>
  </ItemGroup>
  <ItemGroup>
    <ClInclude Include="C:\Users\vladm\source\repos\Projects\pcl-java\native\src\main\c\com_movlad_pcl_Normal.h">
      <Filter>Header Files</Filter>
    </ClInclude>
    <ClInclude Include="C:\Users\vladm\source\repos\Projects\pcl-java\native\src\main\c\com_movlad_pcl_NormalCloud.h">
      <Filter>Header Files</Filter>
    </ClInclude>
    <ClInclude Include="C:\Users\vladm\source\repos\Projects\pcl-java\native\src\main\c\com_movlad_pcl_NormalEstimation.h">
      <Filter>Header Files</Filter>
    </ClInclude>
    <ClInclude Include="C:\Users\vladm\source\repos\Projects\pcl-java\native\src\main\c\com_movlad_pcl_Point2d.h">
      <Filter>Header Files</Filter>
    </ClInclude>
    <ClInclude Include="C:\Users\vladm\source\repos\Projects\pcl-java\native\src\main\c\com_movlad_pcl_Point3d.h">
      <Filter>Header Files</Filter>
    </ClInclude>
    <ClInclude Include="C:\Users\vladm\source\repos\Projects\pcl-java\native\src\main\c\com_movlad_pcl_PointCloud3d.h">
      <Filter>Header Files</Filter>
    </ClInclude>
    <ClInclude Include="C:\Users\vladm\source\repos\Projects\pcl-java\native\src\main\c\com_movlad_pcl_RandomSampleConsensus.h">
      <Filter>Header Files</Filter>
    </ClInclude>
    <ClInclude Include="C:\Users\vladm\source\repos\Projects\pcl-java\native\src\main\c\com_movlad_pcl_SampleConsensus.h">
      <Filter>Header Files</Filter>
    </ClInclude>
    <ClInclude Include="C:\Users\vladm\source\repos\Projects\pcl-java\native\src\main\c\com_movlad_pcl_SampleConsensusModel.h">
      <Filter>Header Files</Filter>
    </ClInclude>
    <ClInclude Include="C:\Users\vladm\source\repos\Projects\pcl-java\native\src\main\c\com_movlad_pcl_SampleConsensusModelCone.h">
      <Filter>Header Files</Filter>
    </ClInclude>
    <ClInclude Include="C:\Users\vladm\source\repos\Projects\pcl-java\native\src\main\c\com_movlad_pcl_SampleConsensusModelCylinder.h">
      <Filter>Header Files</Filter>
    </ClInclude>
    <ClInclude Include="C:\Users\vladm\source\repos\Projects\pcl-java\native\src\main\c\com_movlad_pcl_SampleConsensusModelLine.h">
      <Filter>Header Files</Filter>
    </ClInclude>
    <ClInclude Include="C:\Users\vladm\source\repos\Projects\pcl-java\native\src\main\c\com_movlad_pcl_SampleConsensusModelPlane.h">
      <Filter>Header Files</Filter>
    </ClInclude>
    <ClInclude Include="C:\Users\vladm\source\repos\Projects\pcl-java\native\src\main\c\com_movlad_pcl_SampleConsensusModelSphere.h">
      <Filter>Header Files</Filter>
    </ClInclude>
    <ClInclude Include="C:\Users\vladm\source\repos\Projects\pcl-java\native\src\main\c\com_movlad_pcl_SampleConsensusModelStick.h">
      <Filter>Header Files</Filter>
    </ClInclude>
    <ClInclude Include="C:\Users\vladm\source\repos\Projects\pcl-java\native\src\main\c\com_movlad_pcl_io_PointCloud3dReader.h">
      <Filter>Header Files</Filter>
    </ClInclude>
    <ClInclude Include="C:\Users\vladm\source\repos\Projects\pcl-java\native\src\main\c\com_movlad_pcl_io_PointCloud3dWriter.h">
      <Filter>Header Files</Filter>
    </ClInclude>
    <ClInclude Include="C:\Users\vladm\source\repos\Projects\pcl-java\native\src\main\c\com_movlad_pcl_visualization_Visualizer.h">
      <Filter>Header Files</Filter>
    </ClInclude>
    <ClInclude Include="C:\Users\vladm\source\repos\Projects\pcl-java\native\src\main\c\com_movlad_pcl_visualization_Visualizer3d.h">
      <Filter>Header Files</Filter>
    </ClInclude>
    <ClInclude Include="C:\Users\vladm\source\repos\Projects\pcl-java\native\src\main\c\handle.h">
      <Filter>Header Files</Filter>
    </ClInclude>
    <ClInclude Include="C:\Users\vladm\source\repos\Projects\pcl-java\native\src\main\c\sptr_wrapper.h">
      <Filter>Header Files</Filter>
    </ClInclude>
  </ItemGroup>
  <ItemGroup>
    <CustomBuild Include="C:\Users\vladm\source\repos\Projects\pcl-java\native\CMakeLists.txt" />
  </ItemGroup>
  <ItemGroup>
    <Filter Include="Header Files">
      <UniqueIdentifier>{AD377604-224C-383A-A870-D265D5F4C750}</UniqueIdentifier>
    </Filter>
    <Filter Include="Source Files">
      <UniqueIdentifier>{E7E60C7A-7EC2-3DD5-9165-052A68DE5675}</UniqueIdentifier>
    </Filter>
  </ItemGroup>
</Project>
