<?xml version="1.0" encoding="utf-8"?>
<Project ToolsVersion="16.0" xmlns="http://schemas.microsoft.com/developer/msbuild/2003">
  <ItemGroup>
    <CustomBuild Include="C:\Users\vladm\source\repos\Projects\pcljava\native\project\CMakeFiles\d3b244d54fd3e87030747385dd9f9a79\generate.stamp.rule">
      <Filter>CMake Rules</Filter>
    </CustomBuild>
  </ItemGroup>
  <ItemGroup>
    <Filter Include="CMake Rules">
      <UniqueIdentifier>{E35D3A75-A1FB-3495-B2B9-8B39A7EAB244}</UniqueIdentifier>
    </Filter>
  </ItemGroup>
</Project>
